PODS:
  - Flutter (1.0.0)
  - managed_configurations (0.0.1):
    - Flutter

DEPENDENCIES:
  - Flutter (from `Flutter`)
  - managed_configurations (from `.symlinks/plugins/managed_configurations/ios`)

EXTERNAL SOURCES:
  Flutter:
    :path: Flutter
  managed_configurations:
    :path: ".symlinks/plugins/managed_configurations/ios"

SPEC CHECKSUMS:
  Flutter: 0e3d915762c693b495b44d77113d4970485de6ec
  managed_configurations: 7ecf47d3088ecde39d181f464c3be87eb151f850

PODFILE CHECKSUM: a871436b08554772ca6be7f6f01ca424fa8c9ef1

COCOAPODS: 1.11.3
